{
  "requires": true,
  "lockfileVersion": 1,
  "dependencies": {
    "lodash": {
      "version": "3.10.1",
      "resolved": "https://registry.npmmirror.com/lodash/-/lodash-3.10.1.tgz",
      "integrity": "sha512-9mDDwqVIma6OZX79ZlDACZl8sBm0TEnkf99zV3iMA4GzkIT/9hiqP5mY0HoT1iNLCrKc/R1HByV+yJfRWVJryQ=="
    },
    "ramda": {
      "version": "0.18.0",
      "resolved": "https://registry.npmmirror.com/ramda/-/ramda-0.18.0.tgz",
      "integrity": "sha512-bSgBktaZE0uDH5KmMpbizsxSNcw9MumqtouUVUrxHZSunm+WdDc/UlzwWFtgqMfngX7TZ12d9QsyWkYK7OoJSw=="
    }
  }
}
